// !$*UTF8*$!
{
	archiveVersion = 1;
	classes = {
	};
	objectVersion = 56;
	objects = {

/* Begin PBXBuildFile section */
		AD4F35FB29003BE300915EB3 /* BabySortingToyGamesApp.swift in Sources */ = {isa = PBXBuildFile; fileRef = AD4F35FA29003BE300915EB3 /* BabySortingToyGamesApp.swift */; };
		AD4F35FD29003BE300915EB3 /* ContentView.swift in Sources */ = {isa = PBXBuildFile; fileRef = AD4F35FC29003BE300915EB3 /* ContentView.swift */; };
		AD4F35FF29003BE400915EB3 /* Assets.xcassets in Resources */ = {isa = PBXBuildFile; fileRef = AD4F35FE29003BE400915EB3 /* Assets.xcassets */; };
		AD4F360229003BE400915EB3 /* Preview Assets.xcassets in Resources */ = {isa = PBXBuildFile; fileRef = AD4F360129003BE400915EB3 /* Preview Assets.xcassets */; };
		AD4F360A29003CCD00915EB3 /* Toy.swift in Sources */ = {isa = PBXBuildFile; fileRef = AD4F360929003CCD00915EB3 /* Toy.swift */; };
		AD4F360D29003D8A00915EB3 /* BabyToyView.swift in Sources */ = {isa = PBXBuildFile; fileRef = AD4F360C29003D8A00915EB3 /* BabyToyView.swift */; };
		AD4F360F29003DA300915EB3 /* DraggableToy.swift in Sources */ = {isa = PBXBuildFile; fileRef = AD4F360E29003DA300915EB3 /* DraggableToy.swift */; };
		AD4F3611290049B300915EB3 /* ToyContainer.swift in Sources */ = {isa = PBXBuildFile; fileRef = AD4F3610290049B300915EB3 /* ToyContainer.swift */; };
/* End PBXBuildFile section */

/* Begin PBXFileReference section */
		AD4F35F729003BE300915EB3 /* BabySortingToyGames.app */ = {isa = PBXFileReference; explicitFileType = wrapper.application; includeInIndex = 0; path = BabySortingToyGames.app; sourceTree = BUILT_PRODUCTS_DIR; };
		AD4F35FA29003BE300915EB3 /* BabySortingToyGamesApp.swift */ = {isa = PBXFileReference; lastKnownFileType = sourcecode.swift; path = BabySortingToyGamesApp.swift; sourceTree = "<group>"; };
		AD4F35FC29003BE300915EB3 /* ContentView.swift */ = {isa = PBXFileReference; lastKnownFileType = sourcecode.swift; path = ContentView.swift; sourceTree = "<group>"; };
		AD4F35FE29003BE400915EB3 /* Assets.xcassets */ = {isa = PBXFileReference; lastKnownFileType = folder.assetcatalog; path = Assets.xcassets; sourceTree = "<group>"; };
		AD4F360129003BE400915EB3 /* Preview Assets.xcassets */ = {isa = PBXFileReference; lastKnownFileType = folder.assetcatalog; path = "Preview Assets.xcassets"; sourceTree = "<group>"; };
		AD4F360929003CCD00915EB3 /* Toy.swift */ = {isa = PBXFileReference; lastKnownFileType = sourcecode.swift; path = Toy.swift; sourceTree = "<group>"; };
		AD4F360C29003D8A00915EB3 /* BabyToyView.swift */ = {isa = PBXFileReference; lastKnownFileType = sourcecode.swift; path = BabyToyView.swift; sourceTree = "<group>"; };
		AD4F360E29003DA300915EB3 /* DraggableToy.swift */ = {isa = PBXFileReference; lastKnownFileType = sourcecode.swift; path = DraggableToy.swift; sourceTree = "<group>"; };
		AD4F3610290049B300915EB3 /* ToyContainer.swift */ = {isa = PBXFileReference; lastKnownFileType = sourcecode.swift; path = ToyContainer.swift; sourceTree = "<group>"; };
/* End PBXFileReference section */

/* Begin PBXFrameworksBuildPhase section */
		AD4F35F429003BE300915EB3 /* Frameworks */ = {
			isa = PBXFrameworksBuildPhase;
			buildActionMask = 2147483647;
			files = (
			);
			runOnlyForDeploymentPostprocessing = 0;
		};
/* End PBXFrameworksBuildPhase section */

/* Begin PBXGroup section */
		AD4F35EE29003BE300915EB3 = {
			isa = PBXGroup;
			children = (
				AD4F35F929003BE300915EB3 /* BabySortingToyGames */,
				AD4F35F829003BE300915EB3 /* Products */,
			);
			sourceTree = "<group>";
		};
		AD4F35F829003BE300915EB3 /* Products */ = {
			isa = PBXGroup;
			children = (
				AD4F35F729003BE300915EB3 /* BabySortingToyGames.app */,
			);
			name = Products;
			sourceTree = "<group>";
		};
		AD4F35F929003BE300915EB3 /* BabySortingToyGames */ = {
			isa = PBXGroup;
			children = (
				AD4F361229004AC400915EB3 /* ViewModel */,
				AD4F360B29003D8000915EB3 /* Views */,
				AD4F360829003CB300915EB3 /* Model */,
				AD4F35FA29003BE300915EB3 /* BabySortingToyGamesApp.swift */,
				AD4F35FC29003BE300915EB3 /* ContentView.swift */,
				AD4F35FE29003BE400915EB3 /* Assets.xcassets */,
				AD4F360029003BE400915EB3 /* Preview Content */,
			);
			path = BabySortingToyGames;
			sourceTree = "<group>";
		};
		AD4F360029003BE400915EB3 /* Preview Content */ = {
			isa = PBXGroup;
			children = (
				AD4F360129003BE400915EB3 /* Preview Assets.xcassets */,
			);
			path = "Preview Content";
			sourceTree = "<group>";
		};
		AD4F360829003CB300915EB3 /* Model */ = {
			isa = PBXGroup;
			children = (
				AD4F360929003CCD00915EB3 /* Toy.swift */,
			);
			path = Model;
			sourceTree = "<group>";
		};
		AD4F360B29003D8000915EB3 /* Views */ = {
			isa = PBXGroup;
			children = (
				AD4F360C29003D8A00915EB3 /* BabyToyView.swift */,
				AD4F3610290049B300915EB3 /* ToyContainer.swift */,
				AD4F360E29003DA300915EB3 /* DraggableToy.swift */,
			);
			path = Views;
			sourceTree = "<group>";
		};
		AD4F361229004AC400915EB3 /* ViewModel */ = {
			isa = PBXGroup;
			children = (
			);
			path = ViewModel;
			sourceTree = "<group>";
		};
/* End PBXGroup section */

/* Begin PBXNativeTarget section */
		AD4F35F629003BE300915EB3 /* BabySortingToyGames */ = {
			isa = PBXNativeTarget;
			buildConfigurationList = AD4F360529003BE400915EB3 /* Build configuration list for PBXNativeTarget "BabySortingToyGames" */;
			buildPhases = (
				AD4F35F329003BE300915EB3 /* Sources */,
				AD4F35F429003BE300915EB3 /* Frameworks */,
				AD4F35F529003BE300915EB3 /* Resources */,
			);
			buildRules = (
			);
			dependencies = (
			);
			name = BabySortingToyGames;
			productName = BabySortingToyGames;
			productReference = AD4F35F729003BE300915EB3 /* BabySortingToyGames.app */;
			productType = "com.apple.product-type.application";
		};
/* End PBXNativeTarget section */

/* Begin PBXProject section */
		AD4F35EF29003BE300915EB3 /* Project object */ = {
			isa = PBXProject;
			attributes = {
				BuildIndependentTargetsInParallel = 1;
				LastSwiftUpdateCheck = 1400;
				LastUpgradeCheck = 1400;
				TargetAttributes = {
					AD4F35F629003BE300915EB3 = {
						CreatedOnToolsVersion = 14.0.1;
					};
				};
			};
			buildConfigurationList = AD4F35F229003BE300915EB3 /* Build configuration list for PBXProject "BabySortingToyGames" */;
			compatibilityVersion = "Xcode 14.0";
			developmentRegion = en;
			hasScannedForEncodings = 0;
			knownRegions = (
				en,
				Base,
			);
			mainGroup = AD4F35EE29003BE300915EB3;
			productRefGroup = AD4F35F829003BE300915EB3 /* Products */;
			projectDirPath = "";
			projectRoot = "";
			targets = (
				AD4F35F629003BE300915EB3 /* BabySortingToyGames */,
			);
		};
/* End PBXProject section */

/* Begin PBXResourcesBuildPhase section */
		AD4F35F529003BE300915EB3 /* Resources */ = {
			isa = PBXResourcesBuildPhase;
			buildActionMask = 2147483647;
			files = (
				AD4F360229003BE400915EB3 /* Preview Assets.xcassets in Resources */,
				AD4F35FF29003BE400915EB3 /* Assets.xcassets in Resources */,
			);
			runOnlyForDeploymentPostprocessing = 0;
		};
/* End PBXResourcesBuildPhase section */

/* Begin PBXSourcesBuildPhase section */
		AD4F35F329003BE300915EB3 /* Sources */ = {
			isa = PBXSourcesBuildPhase;
			buildActionMask = 2147483647;
			files = (
				AD4F360A29003CCD00915EB3 /* Toy.swift in Sources */,
				AD4F360D29003D8A00915EB3 /* BabyToyView.swift in Sources */,
				AD4F3611290049B300915EB3 /* ToyContainer.swift in Sources */,
				AD4F360F29003DA300915EB3 /* DraggableToy.swift in Sources */,
				AD4F35FD29003BE300915EB3 /* ContentView.swift in Sources */,
				AD4F35FB29003BE300915EB3 /* BabySortingToyGamesApp.swift in Sources */,
			);
			runOnlyForDeploymentPostprocessing = 0;
		};
/* End PBXSourcesBuildPhase section */

/* Begin XCBuildConfiguration section */
		AD4F360329003BE400915EB3 /* Debug */ = {
			isa = XCBuildConfiguration;
			buildSettings = {
				ALWAYS_SEARCH_USER_PATHS = NO;
				CLANG_ANALYZER_NONNULL = YES;
				CLANG_ANALYZER_NUMBER_OBJECT_CONVERSION = YES_AGGRESSIVE;
				CLANG_CXX_LANGUAGE_STANDARD = "gnu++20";
				CLANG_ENABLE_MODULES = YES;
				CLANG_ENABLE_OBJC_ARC = YES;
				CLANG_ENABLE_OBJC_WEAK = YES;
				CLANG_WARN_BLOCK_CAPTURE_AUTORELEASING = YES;
				CLANG_WARN_BOOL_CONVERSION = YES;
				CLANG_WARN_COMMA = YES;
				CLANG_WARN_CONSTANT_CONVERSION = YES;
				CLANG_WARN_DEPRECATED_OBJC_IMPLEMENTATIONS = YES;
				CLANG_WARN_DIRECT_OBJC_ISA_USAGE = YES_ERROR;
				CLANG_WARN_DOCUMENTATION_COMMENTS = YES;
				CLANG_WARN_EMPTY_BODY = YES;
				CLANG_WARN_ENUM_CONVERSION = YES;
				CLANG_WARN_INFINITE_RECURSION = YES;
				CLANG_WARN_INT_CONVERSION = YES;
				CLANG_WARN_NON_LITERAL_NULL_CONVERSION = YES;
				CLANG_WARN_OBJC_IMPLICIT_RETAIN_SELF = YES;
				CLANG_WARN_OBJC_LITERAL_CONVERSION = YES;
				CLANG_WARN_OBJC_ROOT_CLASS = YES_ERROR;
				CLANG_WARN_QUOTED_INCLUDE_IN_FRAMEWORK_HEADER = YES;
				CLANG_WARN_RANGE_LOOP_ANALYSIS = YES;
				CLANG_WARN_STRICT_PROTOTYPES = YES;
				CLANG_WARN_SUSPICIOUS_MOVE = YES;
				CLANG_WARN_UNGUARDED_AVAILABILITY = YES_AGGRESSIVE;
				CLANG_WARN_UNREACHABLE_CODE = YES;
				CLANG_WARN__DUPLICATE_METHOD_MATCH = YES;
				COPY_PHASE_STRIP = NO;
				DEBUG_INFORMATION_FORMAT = dwarf;
				ENABLE_STRICT_OBJC_MSGSEND = YES;
				ENABLE_TESTABILITY = YES;
				GCC_C_LANGUAGE_STANDARD = gnu11;
				GCC_DYNAMIC_NO_PIC = NO;
				GCC_NO_COMMON_BLOCKS = YES;
				GCC_OPTIMIZATION_LEVEL = 0;
				GCC_PREPROCESSOR_DEFINITIONS = (
					"DEBUG=1",
					"$(inherited)",
				);
				GCC_WARN_64_TO_32_BIT_CONVERSION = YES;
				GCC_WARN_ABOUT_RETURN_TYPE = YES_ERROR;
				GCC_WARN_UNDECLARED_SELECTOR = YES;
				GCC_WARN_UNINITIALIZED_AUTOS = YES_AGGRESSIVE;
				GCC_WARN_UNUSED_FUNCTION = YES;
				GCC_WARN_UNUSED_VARIABLE = YES;
				IPHONEOS_DEPLOYMENT_TARGET = 15.0;
				MTL_ENABLE_DEBUG_INFO = INCLUDE_SOURCE;
				MTL_FAST_MATH = YES;
				ONLY_ACTIVE_ARCH = YES;
				SDKROOT = iphoneos;
				SWIFT_ACTIVE_COMPILATION_CONDITIONS = DEBUG;
				SWIFT_OPTIMIZATION_LEVEL = "-Onone";
			};
			name = Debug;
		};
		AD4F360429003BE400915EB3 /* Release */ = {
			isa = XCBuildConfiguration;
			buildSettings = {
				ALWAYS_SEARCH_USER_PATHS = NO;
				CLANG_ANALYZER_NONNULL = YES;
				CLANG_ANALYZER_NUMBER_OBJECT_CONVERSION = YES_AGGRESSIVE;
				CLANG_CXX_LANGUAGE_STANDARD = "gnu++20";
				CLANG_ENABLE_MODULES = YES;
				CLANG_ENABLE_OBJC_ARC = YES;
				CLANG_ENABLE_OBJC_WEAK = YES;
				CLANG_WARN_BLOCK_CAPTURE_AUTORELEASING = YES;
				CLANG_WARN_BOOL_CONVERSION = YES;
				CLANG_WARN_COMMA = YES;
				CLANG_WARN_CONSTANT_CONVERSION = YES;
				CLANG_WARN_DEPRECATED_OBJC_IMPLEMENTATIONS = YES;
				CLANG_WARN_DIRECT_OBJC_ISA_USAGE = YES_ERROR;
				CLANG_WARN_DOCUMENTATION_COMMENTS = YES;
				CLANG_WARN_EMPTY_BODY = YES;
				CLANG_WARN_ENUM_CONVERSION = YES;
				CLANG_WARN_INFINITE_RECURSION = YES;
				CLANG_WARN_INT_CONVERSION = YES;
				CLANG_WARN_NON_LITERAL_NULL_CONVERSION = YES;
				CLANG_WARN_OBJC_IMPLICIT_RETAIN_SELF = YES;
				CLANG_WARN_OBJC_LITERAL_CONVERSION = YES;
				CLANG_WARN_OBJC_ROOT_CLASS = YES_ERROR;
				CLANG_WARN_QUOTED_INCLUDE_IN_FRAMEWORK_HEADER = YES;
				CLANG_WARN_RANGE_LOOP_ANALYSIS = YES;
				CLANG_WARN_STRICT_PROTOTYPES = YES;
				CLANG_WARN_SUSPICIOUS_MOVE = YES;
				CLANG_WARN_UNGUARDED_AVAILABILITY = YES_AGGRESSIVE;
				CLANG_WARN_UNREACHABLE_CODE = YES;
				CLANG_WARN__DUPLICATE_METHOD_MATCH = YES;
				COPY_PHASE_STRIP = NO;
				DEBUG_INFORMATION_FORMAT = "dwarf-with-dsym";
				ENABLE_NS_ASSERTIONS = NO;
				ENABLE_STRICT_OBJC_MSGSEND = YES;
				GCC_C_LANGUAGE_STANDARD = gnu11;
				GCC_NO_COMMON_BLOCKS = YES;
				GCC_WARN_64_TO_32_BIT_CONVERSION = YES;
				GCC_WARN_ABOUT_RETURN_TYPE = YES_ERROR;
				GCC_WARN_UNDECLARED_SELECTOR = YES;
				GCC_WARN_UNINITIALIZED_AUTOS = YES_AGGRESSIVE;
				GCC_WARN_UNUSED_FUNCTION = YES;
				GCC_WARN_UNUSED_VARIABLE = YES;
				IPHONEOS_DEPLOYMENT_TARGET = 15.0;
				MTL_ENABLE_DEBUG_INFO = NO;
				MTL_FAST_MATH = YES;
				SDKROOT = iphoneos;
				SWIFT_COMPILATION_MODE = wholemodule;
				SWIFT_OPTIMIZATION_LEVEL = "-O";
				VALIDATE_PRODUCT = YES;
			};
			name = Release;
		};
		AD4F360629003BE400915EB3 /* Debug */ = {
			isa = XCBuildConfiguration;
			buildSettings = {
				ASSETCATALOG_COMPILER_APPICON_NAME = AppIcon;
				ASSETCATALOG_COMPILER_GLOBAL_ACCENT_COLOR_NAME = AccentColor;
				CODE_SIGN_STYLE = Automatic;
				CURRENT_PROJECT_VERSION = 1;
				DEVELOPMENT_ASSET_PATHS = "\"BabySortingToyGames/Preview Content\"";
				DEVELOPMENT_TEAM = XW758S68BG;
				ENABLE_PREVIEWS = YES;
				GENERATE_INFOPLIST_FILE = YES;
				INFOPLIST_KEY_UIApplicationSceneManifest_Generation = YES;
				INFOPLIST_KEY_UIApplicationSupportsIndirectInputEvents = YES;
				INFOPLIST_KEY_UILaunchScreen_Generation = YES;
				INFOPLIST_KEY_UISupportedInterfaceOrientations_iPad = "UIInterfaceOrientationPortrait UIInterfaceOrientationPortraitUpsideDown UIInterfaceOrientationLandscapeLeft UIInterfaceOrientationLandscapeRight";
				INFOPLIST_KEY_UISupportedInterfaceOrientations_iPhone = "UIInterfaceOrientationPortrait UIInterfaceOrientationLandscapeLeft UIInterfaceOrientationLandscapeRight";
				LD_RUNPATH_SEARCH_PATHS = (
					"$(inherited)",
					"@executable_path/Frameworks",
				);
				MARKETING_VERSION = 1.0;
				PRODUCT_BUNDLE_IDENTIFIER = com.mrxx7.BabySortingToyGames;
				PRODUCT_NAME = "$(TARGET_NAME)";
				SWIFT_EMIT_LOC_STRINGS = YES;
				SWIFT_VERSION = 5.0;
				TARGETED_DEVICE_FAMILY = "1,2";
			};
			name = Debug;
		};
		AD4F360729003BE400915EB3 /* Release */ = {
			isa = XCBuildConfiguration;
			buildSettings = {
				ASSETCATALOG_COMPILER_APPICON_NAME = AppIcon;
				ASSETCATALOG_COMPILER_GLOBAL_ACCENT_COLOR_NAME = AccentColor;
				CODE_SIGN_STYLE = Automatic;
				CURRENT_PROJECT_VERSION = 1;
				DEVELOPMENT_ASSET_PATHS = "\"BabySortingToyGames/Preview Content\"";
				DEVELOPMENT_TEAM = XW758S68BG;
				ENABLE_PREVIEWS = YES;
				GENERATE_INFOPLIST_FILE = YES;
				INFOPLIST_KEY_UIApplicationSceneManifest_Generation = YES;
				INFOPLIST_KEY_UIApplicationSupportsIndirectInputEvents = YES;
				INFOPLIST_KEY_UILaunchScreen_Generation = YES;
				INFOPLIST_KEY_UISupportedInterfaceOrientations_iPad = "UIInterfaceOrientationPortrait UIInterfaceOrientationPortraitUpsideDown UIInterfaceOrientationLandscapeLeft UIInterfaceOrientationLandscapeRight";
				INFOPLIST_KEY_UISupportedInterfaceOrientations_iPhone = "UIInterfaceOrientationPortrait UIInterfaceOrientationLandscapeLeft UIInterfaceOrientationLandscapeRight";
				LD_RUNPATH_SEARCH_PATHS = (
					"$(inherited)",
					"@executable_path/Frameworks",
				);
				MARKETING_VERSION = 1.0;
				PRODUCT_BUNDLE_IDENTIFIER = com.mrxx7.BabySortingToyGames;
				PRODUCT_NAME = "$(TARGET_NAME)";
				SWIFT_EMIT_LOC_STRINGS = YES;
				SWIFT_VERSION = 5.0;
				TARGETED_DEVICE_FAMILY = "1,2";
			};
			name = Release;
		};
/* End XCBuildConfiguration section */

/* Begin XCConfigurationList section */
		AD4F35F229003BE300915EB3 /* Build configuration list for PBXProject "BabySortingToyGames" */ = {
			isa = XCConfigurationList;
			buildConfigurations = (
				AD4F360329003BE400915EB3 /* Debug */,
				AD4F360429003BE400915EB3 /* Release */,
			);
			defaultConfigurationIsVisible = 0;
			defaultConfigurationName = Release;
		};
		AD4F360529003BE400915EB3 /* Build configuration list for PBXNativeTarget "BabySortingToyGames" */ = {
			isa = XCConfigurationList;
			buildConfigurations = (
				AD4F360629003BE400915EB3 /* Debug */,
				AD4F360729003BE400915EB3 /* Release */,
			);
			defaultConfigurationIsVisible = 0;
			defaultConfigurationName = Release;
		};
/* End XCConfigurationList section */
	};
	rootObject = AD4F35EF29003BE300915EB3 /* Project object */;
}
